
Microsoft Visual Studio Solution File, Format Version 12.00
# Visual Studio Version 16
VisualStudioVersion = 16.0.29920.165
MinimumVisualStudioVersion = 10.0.40219.1
Project("{FAE04EC0-301F-11D3-BF4B-00C04F79EFBC}") = "CommentBot", "CommentBot\CommentBot.csproj", "{D876C996-4E0F-43DC-880F-5FC3C79D87E4}"
EndProject
Global
	GlobalSection(SolutionConfigurationPlatforms) = preSolution
		Debug|Any CPU = Debug|Any CPU
		Release|Any CPU = Release|Any CPU
	EndGlobalSection
	GlobalSection(ProjectConfigurationPlatforms) = postSolution
		{D876C996-4E0F-43DC-880F-5FC3C79D87E4}.Debug|Any CPU.ActiveCfg = Debug|Any CPU
		{D876C996-4E0F-43DC-880F-5FC3C79D87E4}.Debug|Any CPU.Build.0 = Debug|Any CPU
		{D876C996-4E0F-43DC-880F-5FC3C79D87E4}.Release|Any CPU.ActiveCfg = Release|Any CPU
		{D876C996-4E0F-43DC-880F-5FC3C79D87E4}.Release|Any CPU.Build.0 = Release|Any CPU
	EndGlobalSection
	GlobalSection(SolutionProperties) = preSolution
		HideSolutionNode = FALSE
	EndGlobalSection
	GlobalSection(ExtensibilityGlobals) = postSolution
		SolutionGuid = {85D489D6-EAA0-4CB1-8CFD-F0DC143037A6}
	EndGlobalSection
EndGlobal
